
Microsoft Visual Studio Solution File, Format Version 12.00
Project("{FAE04EC0-301F-11D3-BF4B-00C04F79EFBC}") = "CollabSphere", "CollabSphere\CollabSphere.csproj", "{C29E2F78-1C15-4A8C-8A2C-DA4D67A9DE12}"
EndProject
Global
	GlobalSection(SolutionConfigurationPlatforms) = preSolution
		Debug|Any CPU = Debug|Any CPU
		Release|Any CPU = Release|Any CPU
	EndGlobalSection
	GlobalSection(ProjectConfigurationPlatforms) = postSolution
		{C29E2F78-1C15-4A8C-8A2C-DA4D67A9DE12}.Debug|Any CPU.ActiveCfg = Debug|Any CPU
		{C29E2F78-1C15-4A8C-8A2C-DA4D67A9DE12}.Debug|Any CPU.Build.0 = Debug|Any CPU
		{C29E2F78-1C15-4A8C-8A2C-DA4D67A9DE12}.Release|Any CPU.ActiveCfg = Release|Any CPU
		{C29E2F78-1C15-4A8C-8A2C-DA4D67A9DE12}.Release|Any CPU.Build.0 = Release|Any CPU
	EndGlobalSection
	GlobalSection(NestedProjects) = preSolution
	EndGlobalSection
EndGlobal
